// !$*UTF8*$!
{
	archiveVersion = 1;
	classes = {
	};
	objectVersion = 50;
	objects = {

/* Begin PBXBuildFile section */
		F4A14E8024B65900001FEC34 /* AppDelegate.swift in Sources */ = {isa = PBXBuildFile; fileRef = F4A14E7F24B65900001FEC34 /* AppDelegate.swift */; };
		F4A14E8224B65900001FEC34 /* SceneDelegate.swift in Sources */ = {isa = PBXBuildFile; fileRef = F4A14E8124B65900001FEC34 /* SceneDelegate.swift */; };
		F4A14E8924B65901001FEC34 /* Assets.xcassets in Resources */ = {isa = PBXBuildFile; fileRef = F4A14E8824B65901001FEC34 /* Assets.xcassets */; };
		F4A14E8C24B65901001FEC34 /* LaunchScreen.storyboard in Resources */ = {isa = PBXBuildFile; fileRef = F4A14E8A24B65901001FEC34 /* LaunchScreen.storyboard */; };
		F4A14E9524B65B16001FEC34 /* Launch.swift in Sources */ = {isa = PBXBuildFile; fileRef = F4A14E9424B65B16001FEC34 /* Launch.swift */; };
		F4A14E9824B65C13001FEC34 /* LaunchesVC.swift in Sources */ = {isa = PBXBuildFile; fileRef = F4A14E9724B65C13001FEC34 /* LaunchesVC.swift */; };
		F4A14E9B24B65C4A001FEC34 /* NetworkManager.swift in Sources */ = {isa = PBXBuildFile; fileRef = F4A14E9A24B65C4A001FEC34 /* NetworkManager.swift */; };
		F4F57BFC24B7225D009D1842 /* LaunchCell.swift in Sources */ = {isa = PBXBuildFile; fileRef = F4F57BFB24B7225D009D1842 /* LaunchCell.swift */; };
		F4F57BFF24B72BB1009D1842 /* PatchImageView.swift in Sources */ = {isa = PBXBuildFile; fileRef = F4F57BFE24B72BB1009D1842 /* PatchImageView.swift */; };
/* End PBXBuildFile section */

/* Begin PBXFileReference section */
		F4A14E7C24B65900001FEC34 /* Launches.app */ = {isa = PBXFileReference; explicitFileType = wrapper.application; includeInIndex = 0; path = Launches.app; sourceTree = BUILT_PRODUCTS_DIR; };
		F4A14E7F24B65900001FEC34 /* AppDelegate.swift */ = {isa = PBXFileReference; lastKnownFileType = sourcecode.swift; path = AppDelegate.swift; sourceTree = "<group>"; };
		F4A14E8124B65900001FEC34 /* SceneDelegate.swift */ = {isa = PBXFileReference; lastKnownFileType = sourcecode.swift; path = SceneDelegate.swift; sourceTree = "<group>"; };
		F4A14E8824B65901001FEC34 /* Assets.xcassets */ = {isa = PBXFileReference; lastKnownFileType = folder.assetcatalog; path = Assets.xcassets; sourceTree = "<group>"; };
		F4A14E8B24B65901001FEC34 /* Base */ = {isa = PBXFileReference; lastKnownFileType = file.storyboard; name = Base; path = Base.lproj/LaunchScreen.storyboard; sourceTree = "<group>"; };
		F4A14E8D24B65901001FEC34 /* Info.plist */ = {isa = PBXFileReference; lastKnownFileType = text.plist.xml; path = Info.plist; sourceTree = "<group>"; };
		F4A14E9424B65B16001FEC34 /* Launch.swift */ = {isa = PBXFileReference; lastKnownFileType = sourcecode.swift; path = Launch.swift; sourceTree = "<group>"; };
		F4A14E9724B65C13001FEC34 /* LaunchesVC.swift */ = {isa = PBXFileReference; lastKnownFileType = sourcecode.swift; path = LaunchesVC.swift; sourceTree = "<group>"; };
		F4A14E9A24B65C4A001FEC34 /* NetworkManager.swift */ = {isa = PBXFileReference; lastKnownFileType = sourcecode.swift; path = NetworkManager.swift; sourceTree = "<group>"; };
		F4F57BFB24B7225D009D1842 /* LaunchCell.swift */ = {isa = PBXFileReference; lastKnownFileType = sourcecode.swift; path = LaunchCell.swift; sourceTree = "<group>"; };
		F4F57BFE24B72BB1009D1842 /* PatchImageView.swift */ = {isa = PBXFileReference; lastKnownFileType = sourcecode.swift; path = PatchImageView.swift; sourceTree = "<group>"; };
/* End PBXFileReference section */

/* Begin PBXFrameworksBuildPhase section */
		F4A14E7924B65900001FEC34 /* Frameworks */ = {
			isa = PBXFrameworksBuildPhase;
			buildActionMask = 2147483647;
			files = (
			);
			runOnlyForDeploymentPostprocessing = 0;
		};
/* End PBXFrameworksBuildPhase section */

/* Begin PBXGroup section */
		F4A14E7324B65900001FEC34 = {
			isa = PBXGroup;
			children = (
				F4A14E7E24B65900001FEC34 /* Launches */,
				F4A14E7D24B65900001FEC34 /* Products */,
			);
			sourceTree = "<group>";
		};
		F4A14E7D24B65900001FEC34 /* Products */ = {
			isa = PBXGroup;
			children = (
				F4A14E7C24B65900001FEC34 /* Launches.app */,
			);
			name = Products;
			sourceTree = "<group>";
		};
		F4A14E7E24B65900001FEC34 /* Launches */ = {
			isa = PBXGroup;
			children = (
				F4F57BF924B72219009D1842 /* Custom Views */,
				F4A14E9C24B65C57001FEC34 /* Support */,
				F4A14E9924B65C3E001FEC34 /* Managers */,
				F4A14E9624B65BF7001FEC34 /* Screens */,
				F4A14E9324B65B09001FEC34 /* Model */,
				F4A14E8D24B65901001FEC34 /* Info.plist */,
			);
			path = Launches;
			sourceTree = "<group>";
		};
		F4A14E9324B65B09001FEC34 /* Model */ = {
			isa = PBXGroup;
			children = (
				F4A14E9424B65B16001FEC34 /* Launch.swift */,
			);
			path = Model;
			sourceTree = "<group>";
		};
		F4A14E9624B65BF7001FEC34 /* Screens */ = {
			isa = PBXGroup;
			children = (
				F4A14E9724B65C13001FEC34 /* LaunchesVC.swift */,
			);
			path = Screens;
			sourceTree = "<group>";
		};
		F4A14E9924B65C3E001FEC34 /* Managers */ = {
			isa = PBXGroup;
			children = (
				F4A14E9A24B65C4A001FEC34 /* NetworkManager.swift */,
			);
			path = Managers;
			sourceTree = "<group>";
		};
		F4A14E9C24B65C57001FEC34 /* Support */ = {
			isa = PBXGroup;
			children = (
				F4A14E7F24B65900001FEC34 /* AppDelegate.swift */,
				F4A14E8124B65900001FEC34 /* SceneDelegate.swift */,
				F4A14E8824B65901001FEC34 /* Assets.xcassets */,
				F4A14E8A24B65901001FEC34 /* LaunchScreen.storyboard */,
			);
			path = Support;
			sourceTree = "<group>";
		};
		F4F57BF924B72219009D1842 /* Custom Views */ = {
			isa = PBXGroup;
			children = (
				F4F57BFD24B72B82009D1842 /* ImageViews */,
				F4F57BFA24B72247009D1842 /* Cells */,
			);
			path = "Custom Views";
			sourceTree = "<group>";
		};
		F4F57BFA24B72247009D1842 /* Cells */ = {
			isa = PBXGroup;
			children = (
				F4F57BFB24B7225D009D1842 /* LaunchCell.swift */,
			);
			path = Cells;
			sourceTree = "<group>";
		};
		F4F57BFD24B72B82009D1842 /* ImageViews */ = {
			isa = PBXGroup;
			children = (
				F4F57BFE24B72BB1009D1842 /* PatchImageView.swift */,
			);
			path = ImageViews;
			sourceTree = "<group>";
		};
/* End PBXGroup section */

/* Begin PBXNativeTarget section */
		F4A14E7B24B65900001FEC34 /* Launches */ = {
			isa = PBXNativeTarget;
			buildConfigurationList = F4A14E9024B65901001FEC34 /* Build configuration list for PBXNativeTarget "Launches" */;
			buildPhases = (
				F4A14E7824B65900001FEC34 /* Sources */,
				F4A14E7924B65900001FEC34 /* Frameworks */,
				F4A14E7A24B65900001FEC34 /* Resources */,
			);
			buildRules = (
			);
			dependencies = (
			);
			name = Launches;
			productName = Launches;
			productReference = F4A14E7C24B65900001FEC34 /* Launches.app */;
			productType = "com.apple.product-type.application";
		};
/* End PBXNativeTarget section */

/* Begin PBXProject section */
		F4A14E7424B65900001FEC34 /* Project object */ = {
			isa = PBXProject;
			attributes = {
				LastSwiftUpdateCheck = 1150;
				LastUpgradeCheck = 1150;
				ORGANIZATIONNAME = "Simon Goldring";
				TargetAttributes = {
					F4A14E7B24B65900001FEC34 = {
						CreatedOnToolsVersion = 11.5;
					};
				};
			};
			buildConfigurationList = F4A14E7724B65900001FEC34 /* Build configuration list for PBXProject "Launches" */;
			compatibilityVersion = "Xcode 9.3";
			developmentRegion = en;
			hasScannedForEncodings = 0;
			knownRegions = (
				en,
				Base,
			);
			mainGroup = F4A14E7324B65900001FEC34;
			productRefGroup = F4A14E7D24B65900001FEC34 /* Products */;
			projectDirPath = "";
			projectRoot = "";
			targets = (
				F4A14E7B24B65900001FEC34 /* Launches */,
			);
		};
/* End PBXProject section */

/* Begin PBXResourcesBuildPhase section */
		F4A14E7A24B65900001FEC34 /* Resources */ = {
			isa = PBXResourcesBuildPhase;
			buildActionMask = 2147483647;
			files = (
				F4A14E8C24B65901001FEC34 /* LaunchScreen.storyboard in Resources */,
				F4A14E8924B65901001FEC34 /* Assets.xcassets in Resources */,
			);
			runOnlyForDeploymentPostprocessing = 0;
		};
/* End PBXResourcesBuildPhase section */

/* Begin PBXSourcesBuildPhase section */
		F4A14E7824B65900001FEC34 /* Sources */ = {
			isa = PBXSourcesBuildPhase;
			buildActionMask = 2147483647;
			files = (
				F4A14E9B24B65C4A001FEC34 /* NetworkManager.swift in Sources */,
				F4A14E8024B65900001FEC34 /* AppDelegate.swift in Sources */,
				F4F57BFC24B7225D009D1842 /* LaunchCell.swift in Sources */,
				F4F57BFF24B72BB1009D1842 /* PatchImageView.swift in Sources */,
				F4A14E9524B65B16001FEC34 /* Launch.swift in Sources */,
				F4A14E8224B65900001FEC34 /* SceneDelegate.swift in Sources */,
				F4A14E9824B65C13001FEC34 /* LaunchesVC.swift in Sources */,
			);
			runOnlyForDeploymentPostprocessing = 0;
		};
/* End PBXSourcesBuildPhase section */

/* Begin PBXVariantGroup section */
		F4A14E8A24B65901001FEC34 /* LaunchScreen.storyboard */ = {
			isa = PBXVariantGroup;
			children = (
				F4A14E8B24B65901001FEC34 /* Base */,
			);
			name = LaunchScreen.storyboard;
			sourceTree = "<group>";
		};
/* End PBXVariantGroup section */

/* Begin XCBuildConfiguration section */
		F4A14E8E24B65901001FEC34 /* Debug */ = {
			isa = XCBuildConfiguration;
			buildSettings = {
				ALWAYS_SEARCH_USER_PATHS = NO;
				CLANG_ANALYZER_NONNULL = YES;
				CLANG_ANALYZER_NUMBER_OBJECT_CONVERSION = YES_AGGRESSIVE;
				CLANG_CXX_LANGUAGE_STANDARD = "gnu++14";
				CLANG_CXX_LIBRARY = "libc++";
				CLANG_ENABLE_MODULES = YES;
				CLANG_ENABLE_OBJC_ARC = YES;
				CLANG_ENABLE_OBJC_WEAK = YES;
				CLANG_WARN_BLOCK_CAPTURE_AUTORELEASING = YES;
				CLANG_WARN_BOOL_CONVERSION = YES;
				CLANG_WARN_COMMA = YES;
				CLANG_WARN_CONSTANT_CONVERSION = YES;
				CLANG_WARN_DEPRECATED_OBJC_IMPLEMENTATIONS = YES;
				CLANG_WARN_DIRECT_OBJC_ISA_USAGE = YES_ERROR;
				CLANG_WARN_DOCUMENTATION_COMMENTS = YES;
				CLANG_WARN_EMPTY_BODY = YES;
				CLANG_WARN_ENUM_CONVERSION = YES;
				CLANG_WARN_INFINITE_RECURSION = YES;
				CLANG_WARN_INT_CONVERSION = YES;
				CLANG_WARN_NON_LITERAL_NULL_CONVERSION = YES;
				CLANG_WARN_OBJC_IMPLICIT_RETAIN_SELF = YES;
				CLANG_WARN_OBJC_LITERAL_CONVERSION = YES;
				CLANG_WARN_OBJC_ROOT_CLASS = YES_ERROR;
				CLANG_WARN_RANGE_LOOP_ANALYSIS = YES;
				CLANG_WARN_STRICT_PROTOTYPES = YES;
				CLANG_WARN_SUSPICIOUS_MOVE = YES;
				CLANG_WARN_UNGUARDED_AVAILABILITY = YES_AGGRESSIVE;
				CLANG_WARN_UNREACHABLE_CODE = YES;
				CLANG_WARN__DUPLICATE_METHOD_MATCH = YES;
				COPY_PHASE_STRIP = NO;
				DEBUG_INFORMATION_FORMAT = dwarf;
				ENABLE_STRICT_OBJC_MSGSEND = YES;
				ENABLE_TESTABILITY = YES;
				GCC_C_LANGUAGE_STANDARD = gnu11;
				GCC_DYNAMIC_NO_PIC = NO;
				GCC_NO_COMMON_BLOCKS = YES;
				GCC_OPTIMIZATION_LEVEL = 0;
				GCC_PREPROCESSOR_DEFINITIONS = (
					"DEBUG=1",
					"$(inherited)",
				);
				GCC_WARN_64_TO_32_BIT_CONVERSION = YES;
				GCC_WARN_ABOUT_RETURN_TYPE = YES_ERROR;
				GCC_WARN_UNDECLARED_SELECTOR = YES;
				GCC_WARN_UNINITIALIZED_AUTOS = YES_AGGRESSIVE;
				GCC_WARN_UNUSED_FUNCTION = YES;
				GCC_WARN_UNUSED_VARIABLE = YES;
				IPHONEOS_DEPLOYMENT_TARGET = 13.5;
				MTL_ENABLE_DEBUG_INFO = INCLUDE_SOURCE;
				MTL_FAST_MATH = YES;
				ONLY_ACTIVE_ARCH = YES;
				SDKROOT = iphoneos;
				SWIFT_ACTIVE_COMPILATION_CONDITIONS = DEBUG;
				SWIFT_OPTIMIZATION_LEVEL = "-Onone";
			};
			name = Debug;
		};
		F4A14E8F24B65901001FEC34 /* Release */ = {
			isa = XCBuildConfiguration;
			buildSettings = {
				ALWAYS_SEARCH_USER_PATHS = NO;
				CLANG_ANALYZER_NONNULL = YES;
				CLANG_ANALYZER_NUMBER_OBJECT_CONVERSION = YES_AGGRESSIVE;
				CLANG_CXX_LANGUAGE_STANDARD = "gnu++14";
				CLANG_CXX_LIBRARY = "libc++";
				CLANG_ENABLE_MODULES = YES;
				CLANG_ENABLE_OBJC_ARC = YES;
				CLANG_ENABLE_OBJC_WEAK = YES;
				CLANG_WARN_BLOCK_CAPTURE_AUTORELEASING = YES;
				CLANG_WARN_BOOL_CONVERSION = YES;
				CLANG_WARN_COMMA = YES;
				CLANG_WARN_CONSTANT_CONVERSION = YES;
				CLANG_WARN_DEPRECATED_OBJC_IMPLEMENTATIONS = YES;
				CLANG_WARN_DIRECT_OBJC_ISA_USAGE = YES_ERROR;
				CLANG_WARN_DOCUMENTATION_COMMENTS = YES;
				CLANG_WARN_EMPTY_BODY = YES;
				CLANG_WARN_ENUM_CONVERSION = YES;
				CLANG_WARN_INFINITE_RECURSION = YES;
				CLANG_WARN_INT_CONVERSION = YES;
				CLANG_WARN_NON_LITERAL_NULL_CONVERSION = YES;
				CLANG_WARN_OBJC_IMPLICIT_RETAIN_SELF = YES;
				CLANG_WARN_OBJC_LITERAL_CONVERSION = YES;
				CLANG_WARN_OBJC_ROOT_CLASS = YES_ERROR;
				CLANG_WARN_RANGE_LOOP_ANALYSIS = YES;
				CLANG_WARN_STRICT_PROTOTYPES = YES;
				CLANG_WARN_SUSPICIOUS_MOVE = YES;
				CLANG_WARN_UNGUARDED_AVAILABILITY = YES_AGGRESSIVE;
				CLANG_WARN_UNREACHABLE_CODE = YES;
				CLANG_WARN__DUPLICATE_METHOD_MATCH = YES;
				COPY_PHASE_STRIP = NO;
				DEBUG_INFORMATION_FORMAT = "dwarf-with-dsym";
				ENABLE_NS_ASSERTIONS = NO;
				ENABLE_STRICT_OBJC_MSGSEND = YES;
				GCC_C_LANGUAGE_STANDARD = gnu11;
				GCC_NO_COMMON_BLOCKS = YES;
				GCC_WARN_64_TO_32_BIT_CONVERSION = YES;
				GCC_WARN_ABOUT_RETURN_TYPE = YES_ERROR;
				GCC_WARN_UNDECLARED_SELECTOR = YES;
				GCC_WARN_UNINITIALIZED_AUTOS = YES_AGGRESSIVE;
				GCC_WARN_UNUSED_FUNCTION = YES;
				GCC_WARN_UNUSED_VARIABLE = YES;
				IPHONEOS_DEPLOYMENT_TARGET = 13.5;
				MTL_ENABLE_DEBUG_INFO = NO;
				MTL_FAST_MATH = YES;
				SDKROOT = iphoneos;
				SWIFT_COMPILATION_MODE = wholemodule;
				SWIFT_OPTIMIZATION_LEVEL = "-O";
				VALIDATE_PRODUCT = YES;
			};
			name = Release;
		};
		F4A14E9124B65901001FEC34 /* Debug */ = {
			isa = XCBuildConfiguration;
			buildSettings = {
				ASSETCATALOG_COMPILER_APPICON_NAME = AppIcon;
				CODE_SIGN_STYLE = Automatic;
				DEVELOPMENT_TEAM = 35M4K734ZJ;
				INFOPLIST_FILE = Launches/Info.plist;
				LD_RUNPATH_SEARCH_PATHS = (
					"$(inherited)",
					"@executable_path/Frameworks",
				);
				PRODUCT_BUNDLE_IDENTIFIER = "Simon-Goldring.Launches";
				PRODUCT_NAME = "$(TARGET_NAME)";
				SWIFT_VERSION = 5.0;
				TARGETED_DEVICE_FAMILY = 1;
			};
			name = Debug;
		};
		F4A14E9224B65901001FEC34 /* Release */ = {
			isa = XCBuildConfiguration;
			buildSettings = {
				ASSETCATALOG_COMPILER_APPICON_NAME = AppIcon;
				CODE_SIGN_STYLE = Automatic;
				DEVELOPMENT_TEAM = 35M4K734ZJ;
				INFOPLIST_FILE = Launches/Info.plist;
				LD_RUNPATH_SEARCH_PATHS = (
					"$(inherited)",
					"@executable_path/Frameworks",
				);
				PRODUCT_BUNDLE_IDENTIFIER = "Simon-Goldring.Launches";
				PRODUCT_NAME = "$(TARGET_NAME)";
				SWIFT_VERSION = 5.0;
				TARGETED_DEVICE_FAMILY = 1;
			};
			name = Release;
		};
/* End XCBuildConfiguration section */

/* Begin XCConfigurationList section */
		F4A14E7724B65900001FEC34 /* Build configuration list for PBXProject "Launches" */ = {
			isa = XCConfigurationList;
			buildConfigurations = (
				F4A14E8E24B65901001FEC34 /* Debug */,
				F4A14E8F24B65901001FEC34 /* Release */,
			);
			defaultConfigurationIsVisible = 0;
			defaultConfigurationName = Release;
		};
		F4A14E9024B65901001FEC34 /* Build configuration list for PBXNativeTarget "Launches" */ = {
			isa = XCConfigurationList;
			buildConfigurations = (
				F4A14E9124B65901001FEC34 /* Debug */,
				F4A14E9224B65901001FEC34 /* Release */,
			);
			defaultConfigurationIsVisible = 0;
			defaultConfigurationName = Release;
		};
/* End XCConfigurationList section */
	};
	rootObject = F4A14E7424B65900001FEC34 /* Project object */;
}
